Microsoft Visual Studio Solution File, Format Version 12.00
# Visual Studio 15
VisualStudioVersion = 15.0.27703.2042
MinimumVisualStudioVersion = 10.0.40219.1
Project("{9A19103F-16F7-4668-BE54-9A1E7A4F7556}") = "FizzBuzz", "FizzBuzz\FizzBuzz.csproj", "{34473674-25D5-41AB-9DDD-C0955DF8A198}"
EndProject
Project("{9A19103F-16F7-4668-BE54-9A1E7A4F7556}") = "Bank", "Bank\Bank.csproj", "{A3C5918A-4B10-4DD0-B254-620413EF1813}"
EndProject
Project("{FAE04EC0-301F-11D3-BF4B-00C04F79EFBC}") = "Supermarket", "Supermarket\Supermarket.csproj", "{7C0E5C00-369E-4AB9-8994-3F00378C443E}"
EndProject
Project("{FAE04EC0-301F-11D3-BF4B-00C04F79EFBC}") = "CodebarTestsTests", "CodebarTestsTests\CodebarTestsTests.csproj", "{6A2456B3-3378-4787-A13F-036CBFEE7FF0}"
EndProject
Global
	GlobalSection(SolutionConfigurationPlatforms) = preSolution
		Debug|Any CPU = Debug|Any CPU
		Release|Any CPU = Release|Any CPU
	EndGlobalSection
	GlobalSection(ProjectConfigurationPlatforms) = postSolution
		{34473674-25D5-41AB-9DDD-C0955DF8A198}.Debug|Any CPU.ActiveCfg = Debug|Any CPU
		{34473674-25D5-41AB-9DDD-C0955DF8A198}.Debug|Any CPU.Build.0 = Debug|Any CPU
		{34473674-25D5-41AB-9DDD-C0955DF8A198}.Release|Any CPU.ActiveCfg = Release|Any CPU
		{34473674-25D5-41AB-9DDD-C0955DF8A198}.Release|Any CPU.Build.0 = Release|Any CPU
		{A3C5918A-4B10-4DD0-B254-620413EF1813}.Debug|Any CPU.ActiveCfg = Debug|Any CPU
		{A3C5918A-4B10-4DD0-B254-620413EF1813}.Debug|Any CPU.Build.0 = Debug|Any CPU
		{A3C5918A-4B10-4DD0-B254-620413EF1813}.Release|Any CPU.ActiveCfg = Release|Any CPU
		{A3C5918A-4B10-4DD0-B254-620413EF1813}.Release|Any CPU.Build.0 = Release|Any CPU
		{7C0E5C00-369E-4AB9-8994-3F00378C443E}.Debug|Any CPU.ActiveCfg = Debug|Any CPU
		{7C0E5C00-369E-4AB9-8994-3F00378C443E}.Debug|Any CPU.Build.0 = Debug|Any CPU
		{7C0E5C00-369E-4AB9-8994-3F00378C443E}.Release|Any CPU.ActiveCfg = Release|Any CPU
		{7C0E5C00-369E-4AB9-8994-3F00378C443E}.Release|Any CPU.Build.0 = Release|Any CPU
		{6A2456B3-3378-4787-A13F-036CBFEE7FF0}.Debug|Any CPU.ActiveCfg = Debug|Any CPU
		{6A2456B3-3378-4787-A13F-036CBFEE7FF0}.Debug|Any CPU.Build.0 = Debug|Any CPU
		{6A2456B3-3378-4787-A13F-036CBFEE7FF0}.Release|Any CPU.ActiveCfg = Release|Any CPU
		{6A2456B3-3378-4787-A13F-036CBFEE7FF0}.Release|Any CPU.Build.0 = Release|Any CPU
	EndGlobalSection
	GlobalSection(SolutionProperties) = preSolution
		HideSolutionNode = FALSE
	EndGlobalSection
	GlobalSection(ExtensibilityGlobals) = postSolution
		SolutionGuid = {B06C0757-BB3E-4B3F-9C83-12C7511AD958}
	EndGlobalSection
EndGlobal
